
Microsoft Visual Studio Solution File, Format Version 12.00
# Visual Studio Version 17
VisualStudioVersion = 17.4.33213.308
MinimumVisualStudioVersion = 10.0.40219.1
Project("{FAE04EC0-301F-11D3-BF4B-00C04F79EFBC}") = "CoverletMinimalReproducable1437", "CoverletMinimalReproducable1437\CoverletMinimalReproducable1437.csproj", "{E01E4366-6A6E-4898-B449-E91F750BCF29}"
EndProject
Project("{FAE04EC0-301F-11D3-BF4B-00C04F79EFBC}") = "CoverletMinimalReproducable1437.Tests", "CoverletMinimalReproducable1437.Tests\CoverletMinimalReproducable1437.Tests.csproj", "{8BE153EF-FE32-4439-96AB-6641D71DC628}"
EndProject
Global
	GlobalSection(SolutionConfigurationPlatforms) = preSolution
		Debug|Any CPU = Debug|Any CPU
		Release|Any CPU = Release|Any CPU
	EndGlobalSection
	GlobalSection(ProjectConfigurationPlatforms) = postSolution
		{E01E4366-6A6E-4898-B449-E91F750BCF29}.Debug|Any CPU.ActiveCfg = Debug|Any CPU
		{E01E4366-6A6E-4898-B449-E91F750BCF29}.Debug|Any CPU.Build.0 = Debug|Any CPU
		{E01E4366-6A6E-4898-B449-E91F750BCF29}.Release|Any CPU.ActiveCfg = Release|Any CPU
		{E01E4366-6A6E-4898-B449-E91F750BCF29}.Release|Any CPU.Build.0 = Release|Any CPU
		{8BE153EF-FE32-4439-96AB-6641D71DC628}.Debug|Any CPU.ActiveCfg = Debug|Any CPU
		{8BE153EF-FE32-4439-96AB-6641D71DC628}.Debug|Any CPU.Build.0 = Debug|Any CPU
		{8BE153EF-FE32-4439-96AB-6641D71DC628}.Release|Any CPU.ActiveCfg = Release|Any CPU
		{8BE153EF-FE32-4439-96AB-6641D71DC628}.Release|Any CPU.Build.0 = Release|Any CPU
	EndGlobalSection
	GlobalSection(SolutionProperties) = preSolution
		HideSolutionNode = FALSE
	EndGlobalSection
	GlobalSection(ExtensibilityGlobals) = postSolution
		SolutionGuid = {1C65CF05-F230-4B7A-9461-A4D3C787492D}
	EndGlobalSection
EndGlobal
